
Microsoft Visual Studio Solution File, Format Version 12.00
# Visual Studio Version 16
VisualStudioVersion = 16.0.29613.14
MinimumVisualStudioVersion = 10.0.40219.1
Project("{FAE04EC0-301F-11D3-BF4B-00C04F79EFBC}") = "DB-Beställningsterminal", "DB-Beställningsterminal\DB-Beställningsterminal.csproj", "{0DE14979-7FE5-46E9-B727-57BDE3F48669}"
EndProject
Global
	GlobalSection(SolutionConfigurationPlatforms) = preSolution
		Debug|Any CPU = Debug|Any CPU
		Release|Any CPU = Release|Any CPU
	EndGlobalSection
	GlobalSection(ProjectConfigurationPlatforms) = postSolution
		{0DE14979-7FE5-46E9-B727-57BDE3F48669}.Debug|Any CPU.ActiveCfg = Debug|Any CPU
		{0DE14979-7FE5-46E9-B727-57BDE3F48669}.Debug|Any CPU.Build.0 = Debug|Any CPU
		{0DE14979-7FE5-46E9-B727-57BDE3F48669}.Release|Any CPU.ActiveCfg = Release|Any CPU
		{0DE14979-7FE5-46E9-B727-57BDE3F48669}.Release|Any CPU.Build.0 = Release|Any CPU
	EndGlobalSection
	GlobalSection(SolutionProperties) = preSolution
		HideSolutionNode = FALSE
	EndGlobalSection
	GlobalSection(ExtensibilityGlobals) = postSolution
		SolutionGuid = {C80C10EF-F1B9-489D-BBFD-E2E528B9484F}
	EndGlobalSection
EndGlobal
