
Microsoft Visual Studio Solution File, Format Version 12.00
# Visual Studio Version 16
VisualStudioVersion = 16.0.29613.14
MinimumVisualStudioVersion = 10.0.40219.1
Project("{FAE04EC0-301F-11D3-BF4B-00C04F79EFBC}") = "DBPizzaPalatset", "DBPizzaPalatset\DBPizzaPalatset.csproj", "{12207394-4AA9-44AA-9BB1-C20847946D0C}"
EndProject
Global
	GlobalSection(SolutionConfigurationPlatforms) = preSolution
		Debug|Any CPU = Debug|Any CPU
		Release|Any CPU = Release|Any CPU
	EndGlobalSection
	GlobalSection(ProjectConfigurationPlatforms) = postSolution
		{12207394-4AA9-44AA-9BB1-C20847946D0C}.Debug|Any CPU.ActiveCfg = Debug|Any CPU
		{12207394-4AA9-44AA-9BB1-C20847946D0C}.Debug|Any CPU.Build.0 = Debug|Any CPU
		{12207394-4AA9-44AA-9BB1-C20847946D0C}.Release|Any CPU.ActiveCfg = Release|Any CPU
		{12207394-4AA9-44AA-9BB1-C20847946D0C}.Release|Any CPU.Build.0 = Release|Any CPU
	EndGlobalSection
	GlobalSection(SolutionProperties) = preSolution
		HideSolutionNode = FALSE
	EndGlobalSection
	GlobalSection(ExtensibilityGlobals) = postSolution
		SolutionGuid = {5E16741F-DF01-40EE-9A96-34E1D1BC9AF5}
	EndGlobalSection
EndGlobal
