
Microsoft Visual Studio Solution File, Format Version 12.00
# Visual Studio Version 16
VisualStudioVersion = 16.0.29613.14
MinimumVisualStudioVersion = 10.0.40219.1
Project("{FAE04EC0-301F-11D3-BF4B-00C04F79EFBC}") = "DB-OrderInfo", "DB-OrderInfo\DB-OrderInfo.csproj", "{3B12A41C-F0E6-4A88-8992-9B2015EE8600}"
EndProject
Global
	GlobalSection(SolutionConfigurationPlatforms) = preSolution
		Debug|Any CPU = Debug|Any CPU
		Release|Any CPU = Release|Any CPU
	EndGlobalSection
	GlobalSection(ProjectConfigurationPlatforms) = postSolution
		{3B12A41C-F0E6-4A88-8992-9B2015EE8600}.Debug|Any CPU.ActiveCfg = Debug|Any CPU
		{3B12A41C-F0E6-4A88-8992-9B2015EE8600}.Debug|Any CPU.Build.0 = Debug|Any CPU
		{3B12A41C-F0E6-4A88-8992-9B2015EE8600}.Release|Any CPU.ActiveCfg = Release|Any CPU
		{3B12A41C-F0E6-4A88-8992-9B2015EE8600}.Release|Any CPU.Build.0 = Release|Any CPU
	EndGlobalSection
	GlobalSection(SolutionProperties) = preSolution
		HideSolutionNode = FALSE
	EndGlobalSection
	GlobalSection(ExtensibilityGlobals) = postSolution
		SolutionGuid = {7C42F652-383E-4162-B9FD-39ABA403FEF3}
	EndGlobalSection
EndGlobal
