
Microsoft Visual Studio Solution File, Format Version 12.00
# Visual Studio Version 16
VisualStudioVersion = 16.0.29613.14
MinimumVisualStudioVersion = 10.0.40219.1
Project("{FAE04EC0-301F-11D3-BF4B-00C04F79EFBC}") = "DB-Administratör", "DB-Administratör\DB-Administratör.csproj", "{4D424EB3-27C8-4783-B34D-B0142F7139E6}"
EndProject
Global
	GlobalSection(SolutionConfigurationPlatforms) = preSolution
		Debug|Any CPU = Debug|Any CPU
		Release|Any CPU = Release|Any CPU
	EndGlobalSection
	GlobalSection(ProjectConfigurationPlatforms) = postSolution
		{4D424EB3-27C8-4783-B34D-B0142F7139E6}.Debug|Any CPU.ActiveCfg = Debug|Any CPU
		{4D424EB3-27C8-4783-B34D-B0142F7139E6}.Debug|Any CPU.Build.0 = Debug|Any CPU
		{4D424EB3-27C8-4783-B34D-B0142F7139E6}.Release|Any CPU.ActiveCfg = Release|Any CPU
		{4D424EB3-27C8-4783-B34D-B0142F7139E6}.Release|Any CPU.Build.0 = Release|Any CPU
	EndGlobalSection
	GlobalSection(SolutionProperties) = preSolution
		HideSolutionNode = FALSE
	EndGlobalSection
	GlobalSection(ExtensibilityGlobals) = postSolution
		SolutionGuid = {C09582D7-C3A8-416A-A017-E84CAEA266DF}
	EndGlobalSection
EndGlobal
